// !$*UTF8*$!
{
	archiveVersion = 1;
	classes = {
	};
	objectVersion = 46;
	objects = {

/* Begin PBXBuildFile section */
		4B0C64141A7DB5A400012978 /* AppDelegate.swift in Sources */ = {isa = PBXBuildFile; fileRef = 4B0C64131A7DB5A400012978 /* AppDelegate.swift */; };
		4B0C64171A7DB5A400012978 /* PebbleGum.xcdatamodeld in Sources */ = {isa = PBXBuildFile; fileRef = 4B0C64151A7DB5A400012978 /* PebbleGum.xcdatamodeld */; };
		4B0C64191A7DB5A400012978 /* ViewController.swift in Sources */ = {isa = PBXBuildFile; fileRef = 4B0C64181A7DB5A400012978 /* ViewController.swift */; };
		4B0C641E1A7DB5A400012978 /* Images.xcassets in Resources */ = {isa = PBXBuildFile; fileRef = 4B0C641D1A7DB5A400012978 /* Images.xcassets */; };
		4B0C64211A7DB5A400012978 /* LaunchScreen.xib in Resources */ = {isa = PBXBuildFile; fileRef = 4B0C641F1A7DB5A400012978 /* LaunchScreen.xib */; };
		4B0C642D1A7DB5A400012978 /* PebbleGumTests.swift in Sources */ = {isa = PBXBuildFile; fileRef = 4B0C642C1A7DB5A400012978 /* PebbleGumTests.swift */; };
		4B0C643D1A7DBCE700012978 /* Functions.swift in Sources */ = {isa = PBXBuildFile; fileRef = 4B0C643C1A7DBCE700012978 /* Functions.swift */; };
		4BF5A1731A7E9E6A008F323A /* PebbleKit.framework in Frameworks */ = {isa = PBXBuildFile; fileRef = 4BF5A1721A7E9E6A008F323A /* PebbleKit.framework */; };
		4BF5A1751A7E9E92008F323A /* PebbleVendor.framework in Frameworks */ = {isa = PBXBuildFile; fileRef = 4BF5A1741A7E9E92008F323A /* PebbleVendor.framework */; };
/* End PBXBuildFile section */

/* Begin PBXContainerItemProxy section */
		4B0C64271A7DB5A400012978 /* PBXContainerItemProxy */ = {
			isa = PBXContainerItemProxy;
			containerPortal = 4B0C64061A7DB5A400012978 /* Project object */;
			proxyType = 1;
			remoteGlobalIDString = 4B0C640D1A7DB5A400012978;
			remoteInfo = PebbleGum;
		};
/* End PBXContainerItemProxy section */

/* Begin PBXFileReference section */
		4B0C640E1A7DB5A400012978 /* PebbleGum.app */ = {isa = PBXFileReference; explicitFileType = wrapper.application; includeInIndex = 0; path = PebbleGum.app; sourceTree = BUILT_PRODUCTS_DIR; };
		4B0C64121A7DB5A400012978 /* Info.plist */ = {isa = PBXFileReference; lastKnownFileType = text.plist.xml; path = Info.plist; sourceTree = "<group>"; };
		4B0C64131A7DB5A400012978 /* AppDelegate.swift */ = {isa = PBXFileReference; lastKnownFileType = sourcecode.swift; path = AppDelegate.swift; sourceTree = "<group>"; };
		4B0C64161A7DB5A400012978 /* PebbleGum.xcdatamodel */ = {isa = PBXFileReference; lastKnownFileType = wrapper.xcdatamodel; path = PebbleGum.xcdatamodel; sourceTree = "<group>"; };
		4B0C64181A7DB5A400012978 /* ViewController.swift */ = {isa = PBXFileReference; lastKnownFileType = sourcecode.swift; path = ViewController.swift; sourceTree = "<group>"; };
		4B0C641D1A7DB5A400012978 /* Images.xcassets */ = {isa = PBXFileReference; lastKnownFileType = folder.assetcatalog; path = Images.xcassets; sourceTree = "<group>"; };
		4B0C64201A7DB5A400012978 /* Base */ = {isa = PBXFileReference; lastKnownFileType = file.xib; name = Base; path = Base.lproj/LaunchScreen.xib; sourceTree = "<group>"; };
		4B0C64261A7DB5A400012978 /* PebbleGumTests.xctest */ = {isa = PBXFileReference; explicitFileType = wrapper.cfbundle; includeInIndex = 0; path = PebbleGumTests.xctest; sourceTree = BUILT_PRODUCTS_DIR; };
		4B0C642B1A7DB5A400012978 /* Info.plist */ = {isa = PBXFileReference; lastKnownFileType = text.plist.xml; path = Info.plist; sourceTree = "<group>"; };
		4B0C642C1A7DB5A400012978 /* PebbleGumTests.swift */ = {isa = PBXFileReference; lastKnownFileType = sourcecode.swift; path = PebbleGumTests.swift; sourceTree = "<group>"; };
		4B0C643C1A7DBCE700012978 /* Functions.swift */ = {isa = PBXFileReference; fileEncoding = 4; lastKnownFileType = sourcecode.swift; path = Functions.swift; sourceTree = "<group>"; };
		4B0C643E1A7DC14800012978 /* GoodGuysPlayground.playground */ = {isa = PBXFileReference; lastKnownFileType = file.playground; name = GoodGuysPlayground.playground; path = PebbleGumTests/GoodGuysPlayground.playground; sourceTree = SOURCE_ROOT; };
		4BF5A1721A7E9E6A008F323A /* PebbleKit.framework */ = {isa = PBXFileReference; lastKnownFileType = wrapper.framework; path = PebbleKit.framework; sourceTree = "<group>"; };
		4BF5A1741A7E9E92008F323A /* PebbleVendor.framework */ = {isa = PBXFileReference; lastKnownFileType = wrapper.framework; path = PebbleVendor.framework; sourceTree = "<group>"; };
/* End PBXFileReference section */

/* Begin PBXFrameworksBuildPhase section */
		4B0C640B1A7DB5A400012978 /* Frameworks */ = {
			isa = PBXFrameworksBuildPhase;
			buildActionMask = 2147483647;
			files = (
				4BF5A1751A7E9E92008F323A /* PebbleVendor.framework in Frameworks */,
				4BF5A1731A7E9E6A008F323A /* PebbleKit.framework in Frameworks */,
			);
			runOnlyForDeploymentPostprocessing = 0;
		};
		4B0C64231A7DB5A400012978 /* Frameworks */ = {
			isa = PBXFrameworksBuildPhase;
			buildActionMask = 2147483647;
			files = (
			);
			runOnlyForDeploymentPostprocessing = 0;
		};
/* End PBXFrameworksBuildPhase section */

/* Begin PBXGroup section */
		4B0C64051A7DB5A400012978 = {
			isa = PBXGroup;
			children = (
				4B0C64101A7DB5A400012978 /* PebbleGum */,
				4B0C64291A7DB5A400012978 /* PebbleGumTests */,
				4B0C640F1A7DB5A400012978 /* Products */,
			);
			sourceTree = "<group>";
		};
		4B0C640F1A7DB5A400012978 /* Products */ = {
			isa = PBXGroup;
			children = (
				4B0C640E1A7DB5A400012978 /* PebbleGum.app */,
				4B0C64261A7DB5A400012978 /* PebbleGumTests.xctest */,
			);
			name = Products;
			sourceTree = "<group>";
		};
		4B0C64101A7DB5A400012978 /* PebbleGum */ = {
			isa = PBXGroup;
			children = (
				4B0C64371A7DB67C00012978 /* Application Delegates */,
				4B0C64361A7DB66E00012978 /* View Controllers */,
				4B0C64391A7DB9D800012978 /* Persistence */,
				4B0C64381A7DB68500012978 /* Graphics */,
				4BF5A1711A7E9DF5008F323A /* PebbleSDK */,
				4B0C64111A7DB5A400012978 /* Supporting Files */,
			);
			path = PebbleGum;
			sourceTree = "<group>";
		};
		4B0C64111A7DB5A400012978 /* Supporting Files */ = {
			isa = PBXGroup;
			children = (
				4B0C643E1A7DC14800012978 /* GoodGuysPlayground.playground */,
				4B0C64121A7DB5A400012978 /* Info.plist */,
			);
			name = "Supporting Files";
			sourceTree = "<group>";
		};
		4B0C64291A7DB5A400012978 /* PebbleGumTests */ = {
			isa = PBXGroup;
			children = (
				4B0C642C1A7DB5A400012978 /* PebbleGumTests.swift */,
				4B0C642A1A7DB5A400012978 /* Supporting Files */,
			);
			path = PebbleGumTests;
			sourceTree = "<group>";
		};
		4B0C642A1A7DB5A400012978 /* Supporting Files */ = {
			isa = PBXGroup;
			children = (
				4B0C642B1A7DB5A400012978 /* Info.plist */,
			);
			name = "Supporting Files";
			sourceTree = "<group>";
		};
		4B0C64361A7DB66E00012978 /* View Controllers */ = {
			isa = PBXGroup;
			children = (
				4B0C64181A7DB5A400012978 /* ViewController.swift */,
				4B0C643C1A7DBCE700012978 /* Functions.swift */,
			);
			name = "View Controllers";
			sourceTree = "<group>";
		};
		4B0C64371A7DB67C00012978 /* Application Delegates */ = {
			isa = PBXGroup;
			children = (
				4B0C64131A7DB5A400012978 /* AppDelegate.swift */,
			);
			name = "Application Delegates";
			sourceTree = "<group>";
		};
		4B0C64381A7DB68500012978 /* Graphics */ = {
			isa = PBXGroup;
			children = (
				4B0C641D1A7DB5A400012978 /* Images.xcassets */,
				4B0C641F1A7DB5A400012978 /* LaunchScreen.xib */,
			);
			name = Graphics;
			sourceTree = "<group>";
		};
		4B0C64391A7DB9D800012978 /* Persistence */ = {
			isa = PBXGroup;
			children = (
				4B0C64151A7DB5A400012978 /* PebbleGum.xcdatamodeld */,
			);
			name = Persistence;
			sourceTree = "<group>";
		};
		4BF5A1711A7E9DF5008F323A /* PebbleSDK */ = {
			isa = PBXGroup;
			children = (
				4BF5A1741A7E9E92008F323A /* PebbleVendor.framework */,
				4BF5A1721A7E9E6A008F323A /* PebbleKit.framework */,
			);
			name = PebbleSDK;
			sourceTree = "<group>";
		};
/* End PBXGroup section */

/* Begin PBXNativeTarget section */
		4B0C640D1A7DB5A400012978 /* PebbleGum */ = {
			isa = PBXNativeTarget;
			buildConfigurationList = 4B0C64301A7DB5A400012978 /* Build configuration list for PBXNativeTarget "PebbleGum" */;
			buildPhases = (
				4B0C640A1A7DB5A400012978 /* Sources */,
				4B0C640B1A7DB5A400012978 /* Frameworks */,
				4B0C640C1A7DB5A400012978 /* Resources */,
				50524F424C454D533F /* ShellScript */,
			);
			buildRules = (
			);
			dependencies = (
			);
			name = PebbleGum;
			productName = PebbleGum;
			productReference = 4B0C640E1A7DB5A400012978 /* PebbleGum.app */;
			productType = "com.apple.product-type.application";
		};
		4B0C64251A7DB5A400012978 /* PebbleGumTests */ = {
			isa = PBXNativeTarget;
			buildConfigurationList = 4B0C64331A7DB5A400012978 /* Build configuration list for PBXNativeTarget "PebbleGumTests" */;
			buildPhases = (
				4B0C64221A7DB5A400012978 /* Sources */,
				4B0C64231A7DB5A400012978 /* Frameworks */,
				4B0C64241A7DB5A400012978 /* Resources */,
			);
			buildRules = (
			);
			dependencies = (
				4B0C64281A7DB5A400012978 /* PBXTargetDependency */,
			);
			name = PebbleGumTests;
			productName = PebbleGumTests;
			productReference = 4B0C64261A7DB5A400012978 /* PebbleGumTests.xctest */;
			productType = "com.apple.product-type.bundle.unit-test";
		};
/* End PBXNativeTarget section */

/* Begin PBXProject section */
		4B0C64061A7DB5A400012978 /* Project object */ = {
			isa = PBXProject;
			attributes = {
				LastUpgradeCheck = 0610;
				ORGANIZATIONNAME = GoodGuys;
				TargetAttributes = {
					4B0C640D1A7DB5A400012978 = {
						CreatedOnToolsVersion = 6.1.1;
					};
					4B0C64251A7DB5A400012978 = {
						CreatedOnToolsVersion = 6.1.1;
						TestTargetID = 4B0C640D1A7DB5A400012978;
					};
				};
			};
			buildConfigurationList = 4B0C64091A7DB5A400012978 /* Build configuration list for PBXProject "PebbleGum" */;
			compatibilityVersion = "Xcode 3.2";
			developmentRegion = English;
			hasScannedForEncodings = 0;
			knownRegions = (
				en,
				Base,
			);
			mainGroup = 4B0C64051A7DB5A400012978;
			productRefGroup = 4B0C640F1A7DB5A400012978 /* Products */;
			projectDirPath = "";
			projectRoot = "";
			targets = (
				4B0C640D1A7DB5A400012978 /* PebbleGum */,
				4B0C64251A7DB5A400012978 /* PebbleGumTests */,
			);
		};
/* End PBXProject section */

/* Begin PBXResourcesBuildPhase section */
		4B0C640C1A7DB5A400012978 /* Resources */ = {
			isa = PBXResourcesBuildPhase;
			buildActionMask = 2147483647;
			files = (
				4B0C64211A7DB5A400012978 /* LaunchScreen.xib in Resources */,
				4B0C641E1A7DB5A400012978 /* Images.xcassets in Resources */,
			);
			runOnlyForDeploymentPostprocessing = 0;
		};
		4B0C64241A7DB5A400012978 /* Resources */ = {
			isa = PBXResourcesBuildPhase;
			buildActionMask = 2147483647;
			files = (
			);
			runOnlyForDeploymentPostprocessing = 0;
		};
/* End PBXResourcesBuildPhase section */

/* Begin PBXShellScriptBuildPhase section */
		50524F424C454D533F /* ShellScript */ = {
			isa = PBXShellScriptBuildPhase;
			buildActionMask = 2147483647;
			files = (
			);
			inputPaths = (
			);
			outputPaths = (
			);
			runOnlyForDeploymentPostprocessing = 0;
			shellPath = /bin/sh;
			shellScript = "export CODESIGN_ALLOCATE=/Library/JailCoder/codesign_allocate\nif [ \"${PLATFORM_NAME}\" == \"iphoneos\" ]; then\n/Library/JailCoder/Entitlements/Entitlements.py \"my.company.${PROJECT_NAME}\" \"${BUILT_PRODUCTS_DIR}/${WRAPPER_NAME}/${PROJECT_NAME}.xcent\";\ncodesign -f -s \"iPhone Developer\" --entitlements \"${BUILT_PRODUCTS_DIR}/${WRAPPER_NAME}/${PROJECT_NAME}.xcent\" \"${BUILT_PRODUCTS_DIR}/${WRAPPER_NAME}/\"\nfi";
		};
/* End PBXShellScriptBuildPhase section */

/* Begin PBXSourcesBuildPhase section */
		4B0C640A1A7DB5A400012978 /* Sources */ = {
			isa = PBXSourcesBuildPhase;
			buildActionMask = 2147483647;
			files = (
				4B0C64191A7DB5A400012978 /* ViewController.swift in Sources */,
				4B0C64141A7DB5A400012978 /* AppDelegate.swift in Sources */,
				4B0C64171A7DB5A400012978 /* PebbleGum.xcdatamodeld in Sources */,
				4B0C643D1A7DBCE700012978 /* Functions.swift in Sources */,
			);
			runOnlyForDeploymentPostprocessing = 0;
		};
		4B0C64221A7DB5A400012978 /* Sources */ = {
			isa = PBXSourcesBuildPhase;
			buildActionMask = 2147483647;
			files = (
				4B0C642D1A7DB5A400012978 /* PebbleGumTests.swift in Sources */,
			);
			runOnlyForDeploymentPostprocessing = 0;
		};
/* End PBXSourcesBuildPhase section */

/* Begin PBXTargetDependency section */
		4B0C64281A7DB5A400012978 /* PBXTargetDependency */ = {
			isa = PBXTargetDependency;
			target = 4B0C640D1A7DB5A400012978 /* PebbleGum */;
			targetProxy = 4B0C64271A7DB5A400012978 /* PBXContainerItemProxy */;
		};
/* End PBXTargetDependency section */

/* Begin PBXVariantGroup section */
		4B0C641F1A7DB5A400012978 /* LaunchScreen.xib */ = {
			isa = PBXVariantGroup;
			children = (
				4B0C64201A7DB5A400012978 /* Base */,
			);
			name = LaunchScreen.xib;
			sourceTree = "<group>";
		};
/* End PBXVariantGroup section */

/* Begin XCBuildConfiguration section */
		4B0C642E1A7DB5A400012978 /* Debug */ = {
			isa = XCBuildConfiguration;
			buildSettings = {
				ALWAYS_SEARCH_USER_PATHS = NO;
				CLANG_CXX_LANGUAGE_STANDARD = "gnu++0x";
				CLANG_CXX_LIBRARY = "libc++";
				CLANG_ENABLE_MODULES = YES;
				CLANG_ENABLE_OBJC_ARC = YES;
				CLANG_WARN_BOOL_CONVERSION = YES;
				CLANG_WARN_CONSTANT_CONVERSION = YES;
				CLANG_WARN_DIRECT_OBJC_ISA_USAGE = YES_ERROR;
				CLANG_WARN_EMPTY_BODY = YES;
				CLANG_WARN_ENUM_CONVERSION = YES;
				CLANG_WARN_INT_CONVERSION = YES;
				CLANG_WARN_OBJC_ROOT_CLASS = YES_ERROR;
				CLANG_WARN_UNREACHABLE_CODE = YES;
				CLANG_WARN__DUPLICATE_METHOD_MATCH = YES;
				"CODE_SIGN_IDENTITY[sdk=iphoneos*]" = "";
				COPY_PHASE_STRIP = NO;
				ENABLE_STRICT_OBJC_MSGSEND = YES;
				GCC_C_LANGUAGE_STANDARD = gnu99;
				GCC_DYNAMIC_NO_PIC = NO;
				GCC_OPTIMIZATION_LEVEL = 0;
				GCC_PREPROCESSOR_DEFINITIONS = (
					"DEBUG=1",
					"$(inherited)",
				);
				GCC_SYMBOLS_PRIVATE_EXTERN = NO;
				GCC_WARN_64_TO_32_BIT_CONVERSION = YES;
				GCC_WARN_ABOUT_RETURN_TYPE = YES_ERROR;
				GCC_WARN_UNDECLARED_SELECTOR = YES;
				GCC_WARN_UNINITIALIZED_AUTOS = YES_AGGRESSIVE;
				GCC_WARN_UNUSED_FUNCTION = YES;
				GCC_WARN_UNUSED_VARIABLE = YES;
				IPHONEOS_DEPLOYMENT_TARGET = 8.1;
				MTL_ENABLE_DEBUG_INFO = YES;
				ONLY_ACTIVE_ARCH = YES;
				SDKROOT = iphoneos;
				SWIFT_OPTIMIZATION_LEVEL = "-Onone";
			};
			name = Debug;
		};
		4B0C642F1A7DB5A400012978 /* Release */ = {
			isa = XCBuildConfiguration;
			buildSettings = {
				ALWAYS_SEARCH_USER_PATHS = NO;
				CLANG_CXX_LANGUAGE_STANDARD = "gnu++0x";
				CLANG_CXX_LIBRARY = "libc++";
				CLANG_ENABLE_MODULES = YES;
				CLANG_ENABLE_OBJC_ARC = YES;
				CLANG_WARN_BOOL_CONVERSION = YES;
				CLANG_WARN_CONSTANT_CONVERSION = YES;
				CLANG_WARN_DIRECT_OBJC_ISA_USAGE = YES_ERROR;
				CLANG_WARN_EMPTY_BODY = YES;
				CLANG_WARN_ENUM_CONVERSION = YES;
				CLANG_WARN_INT_CONVERSION = YES;
				CLANG_WARN_OBJC_ROOT_CLASS = YES_ERROR;
				CLANG_WARN_UNREACHABLE_CODE = YES;
				CLANG_WARN__DUPLICATE_METHOD_MATCH = YES;
				"CODE_SIGN_IDENTITY[sdk=iphoneos*]" = "";
				COPY_PHASE_STRIP = YES;
				ENABLE_NS_ASSERTIONS = NO;
				ENABLE_STRICT_OBJC_MSGSEND = YES;
				GCC_C_LANGUAGE_STANDARD = gnu99;
				GCC_WARN_64_TO_32_BIT_CONVERSION = YES;
				GCC_WARN_ABOUT_RETURN_TYPE = YES_ERROR;
				GCC_WARN_UNDECLARED_SELECTOR = YES;
				GCC_WARN_UNINITIALIZED_AUTOS = YES_AGGRESSIVE;
				GCC_WARN_UNUSED_FUNCTION = YES;
				GCC_WARN_UNUSED_VARIABLE = YES;
				IPHONEOS_DEPLOYMENT_TARGET = 8.1;
				MTL_ENABLE_DEBUG_INFO = NO;
				SDKROOT = iphoneos;
				VALIDATE_PRODUCT = YES;
			};
			name = Release;
		};
		4B0C64311A7DB5A400012978 /* Debug */ = {
			isa = XCBuildConfiguration;
			buildSettings = {
				ASSETCATALOG_COMPILER_APPICON_NAME = AppIcon;
				FRAMEWORK_SEARCH_PATHS = (
					"$(inherited)",
					"$(PROJECT_DIR)/PebbleGum",
				);
				INFOPLIST_FILE = PebbleGum/Info.plist;
				LD_RUNPATH_SEARCH_PATHS = "$(inherited) @executable_path/Frameworks";
				PRODUCT_NAME = "$(TARGET_NAME)";
			};
			name = Debug;
		};
		4B0C64321A7DB5A400012978 /* Release */ = {
			isa = XCBuildConfiguration;
			buildSettings = {
				ASSETCATALOG_COMPILER_APPICON_NAME = AppIcon;
				FRAMEWORK_SEARCH_PATHS = (
					"$(inherited)",
					"$(PROJECT_DIR)/PebbleGum",
				);
				INFOPLIST_FILE = PebbleGum/Info.plist;
				LD_RUNPATH_SEARCH_PATHS = "$(inherited) @executable_path/Frameworks";
				PRODUCT_NAME = "$(TARGET_NAME)";
			};
			name = Release;
		};
		4B0C64341A7DB5A400012978 /* Debug */ = {
			isa = XCBuildConfiguration;
			buildSettings = {
				BUNDLE_LOADER = "$(TEST_HOST)";
				FRAMEWORK_SEARCH_PATHS = (
					"$(SDKROOT)/Developer/Library/Frameworks",
					"$(inherited)",
				);
				GCC_PREPROCESSOR_DEFINITIONS = (
					"DEBUG=1",
					"$(inherited)",
				);
				INFOPLIST_FILE = PebbleGumTests/Info.plist;
				LD_RUNPATH_SEARCH_PATHS = "$(inherited) @executable_path/Frameworks @loader_path/Frameworks";
				PRODUCT_NAME = "$(TARGET_NAME)";
				TEST_HOST = "$(BUILT_PRODUCTS_DIR)/PebbleGum.app/PebbleGum";
			};
			name = Debug;
		};
		4B0C64351A7DB5A400012978 /* Release */ = {
			isa = XCBuildConfiguration;
			buildSettings = {
				BUNDLE_LOADER = "$(TEST_HOST)";
				FRAMEWORK_SEARCH_PATHS = (
					"$(SDKROOT)/Developer/Library/Frameworks",
					"$(inherited)",
				);
				INFOPLIST_FILE = PebbleGumTests/Info.plist;
				LD_RUNPATH_SEARCH_PATHS = "$(inherited) @executable_path/Frameworks @loader_path/Frameworks";
				PRODUCT_NAME = "$(TARGET_NAME)";
				TEST_HOST = "$(BUILT_PRODUCTS_DIR)/PebbleGum.app/PebbleGum";
			};
			name = Release;
		};
/* End XCBuildConfiguration section */

/* Begin XCConfigurationList section */
		4B0C64091A7DB5A400012978 /* Build configuration list for PBXProject "PebbleGum" */ = {
			isa = XCConfigurationList;
			buildConfigurations = (
				4B0C642E1A7DB5A400012978 /* Debug */,
				4B0C642F1A7DB5A400012978 /* Release */,
			);
			defaultConfigurationIsVisible = 0;
			defaultConfigurationName = Release;
		};
		4B0C64301A7DB5A400012978 /* Build configuration list for PBXNativeTarget "PebbleGum" */ = {
			isa = XCConfigurationList;
			buildConfigurations = (
				4B0C64311A7DB5A400012978 /* Debug */,
				4B0C64321A7DB5A400012978 /* Release */,
			);
			defaultConfigurationIsVisible = 0;
			defaultConfigurationName = Release;
		};
		4B0C64331A7DB5A400012978 /* Build configuration list for PBXNativeTarget "PebbleGumTests" */ = {
			isa = XCConfigurationList;
			buildConfigurations = (
				4B0C64341A7DB5A400012978 /* Debug */,
				4B0C64351A7DB5A400012978 /* Release */,
			);
			defaultConfigurationIsVisible = 0;
			defaultConfigurationName = Release;
		};
/* End XCConfigurationList section */

/* Begin XCVersionGroup section */
		4B0C64151A7DB5A400012978 /* PebbleGum.xcdatamodeld */ = {
			isa = XCVersionGroup;
			children = (
				4B0C64161A7DB5A400012978 /* PebbleGum.xcdatamodel */,
			);
			currentVersion = 4B0C64161A7DB5A400012978 /* PebbleGum.xcdatamodel */;
			path = PebbleGum.xcdatamodeld;
			sourceTree = "<group>";
			versionGroupType = wrapper.xcdatamodel;
		};
/* End XCVersionGroup section */
	};
	rootObject = 4B0C64061A7DB5A400012978 /* Project object */;
}
